
Microsoft Visual Studio Solution File, Format Version 12.00
# Visual Studio Version 16
VisualStudioVersion = 16.0.29920.165
MinimumVisualStudioVersion = 10.0.40219.1
Project("{FAE04EC0-301F-11D3-BF4B-00C04F79EFBC}") = "DbHelper", "DbHelper\DbHelper.csproj", "{FE13A6E6-22DA-41FA-8D50-DC6152FB6AA4}"
EndProject
Global
	GlobalSection(SolutionConfigurationPlatforms) = preSolution
		Debug|Any CPU = Debug|Any CPU
		Release|Any CPU = Release|Any CPU
	EndGlobalSection
	GlobalSection(ProjectConfigurationPlatforms) = postSolution
		{FE13A6E6-22DA-41FA-8D50-DC6152FB6AA4}.Debug|Any CPU.ActiveCfg = Debug|Any CPU
		{FE13A6E6-22DA-41FA-8D50-DC6152FB6AA4}.Debug|Any CPU.Build.0 = Debug|Any CPU
		{FE13A6E6-22DA-41FA-8D50-DC6152FB6AA4}.Release|Any CPU.ActiveCfg = Release|Any CPU
		{FE13A6E6-22DA-41FA-8D50-DC6152FB6AA4}.Release|Any CPU.Build.0 = Release|Any CPU
	EndGlobalSection
	GlobalSection(SolutionProperties) = preSolution
		HideSolutionNode = FALSE
	EndGlobalSection
	GlobalSection(ExtensibilityGlobals) = postSolution
		SolutionGuid = {59F1CC52-1566-4387-A4A6-87677FAAB0C7}
	EndGlobalSection
EndGlobal
